
Microsoft Visual Studio Solution File, Format Version 12.00
# Visual Studio Version 17
VisualStudioVersion = 17.10.34707.107
MinimumVisualStudioVersion = 10.0.40219.1
Project("{9A19103F-16F7-4668-BE54-9A1E7A4F7556}") = "phi-3", "phi-3\phi-3.csproj", "{C0BE986D-2E9B-4FEC-8972-1C4D9ECF07CE}"
EndProject
Global
	GlobalSection(SolutionConfigurationPlatforms) = preSolution
		Debug|Any CPU = Debug|Any CPU
		Release|Any CPU = Release|Any CPU
	EndGlobalSection
	GlobalSection(ProjectConfigurationPlatforms) = postSolution
		{C0BE986D-2E9B-4FEC-8972-1C4D9ECF07CE}.Debug|Any CPU.ActiveCfg = Debug|Any CPU
		{C0BE986D-2E9B-4FEC-8972-1C4D9ECF07CE}.Debug|Any CPU.Build.0 = Debug|Any CPU
		{C0BE986D-2E9B-4FEC-8972-1C4D9ECF07CE}.Release|Any CPU.ActiveCfg = Release|Any CPU
		{C0BE986D-2E9B-4FEC-8972-1C4D9ECF07CE}.Release|Any CPU.Build.0 = Release|Any CPU
	EndGlobalSection
	GlobalSection(SolutionProperties) = preSolution
		HideSolutionNode = FALSE
	EndGlobalSection
	GlobalSection(ExtensibilityGlobals) = postSolution
		SolutionGuid = {7567A234-701F-4AC3-B9AD-F5DB82DE0CF3}
	EndGlobalSection
EndGlobal
